
Microsoft Visual Studio Solution File, Format Version 12.00
# Visual Studio 14
VisualStudioVersion = 14.0.25420.1
MinimumVisualStudioVersion = 10.0.40219.1
Project("{2150E333-8FDC-42A3-9474-1A3956D46DE8}") = "Engine", "Engine", "{81B778D3-8F7D-471B-B294-E20DF1621D47}"
EndProject
Project("{2150E333-8FDC-42A3-9474-1A3956D46DE8}") = "Games", "Games", "{D69BC413-B5BA-4027-B00C-F957B357338C}"
EndProject
Project("{8BC9CEB8-8B4A-11D0-8D11-00A0C91BC942}") = "UE4", "Intermediate\ProjectFiles\UE4.vcxproj", "{CB6748F5-2897-49D2-856E-F996C17693DF}"
EndProject
Project("{8BC9CEB8-8B4A-11D0-8D11-00A0C91BC942}") = "Myproject", "Intermediate\ProjectFiles\Myproject.vcxproj", "{139B5B2B-E084-4CA6-AC9A-2A7BC9FDE858}"
EndProject
Global
	GlobalSection(SolutionConfigurationPlatforms) = preSolution
		DebugGame Editor|HTML5 = DebugGame Editor|HTML5
		DebugGame Editor|Win32 = DebugGame Editor|Win32
		DebugGame Editor|Win64 = DebugGame Editor|Win64
		DebugGame|HTML5 = DebugGame|HTML5
		DebugGame|Win32 = DebugGame|Win32
		DebugGame|Win64 = DebugGame|Win64
		Development Editor|HTML5 = Development Editor|HTML5
		Development Editor|Win32 = Development Editor|Win32
		Development Editor|Win64 = Development Editor|Win64
		Development|HTML5 = Development|HTML5
		Development|Win32 = Development|Win32
		Development|Win64 = Development|Win64
		Shipping|HTML5 = Shipping|HTML5
		Shipping|Win32 = Shipping|Win32
		Shipping|Win64 = Shipping|Win64
	EndGlobalSection
	GlobalSection(ProjectConfigurationPlatforms) = postSolution
		{CB6748F5-2897-49D2-856E-F996C17693DF}.DebugGame Editor|HTML5.ActiveCfg = BuiltWithUnrealBuildTool|Win32
		{CB6748F5-2897-49D2-856E-F996C17693DF}.DebugGame Editor|HTML5.Build.0 = BuiltWithUnrealBuildTool|Win32
		{CB6748F5-2897-49D2-856E-F996C17693DF}.DebugGame Editor|Win32.ActiveCfg = BuiltWithUnrealBuildTool|Win32
		{CB6748F5-2897-49D2-856E-F996C17693DF}.DebugGame Editor|Win32.Build.0 = BuiltWithUnrealBuildTool|Win32
		{CB6748F5-2897-49D2-856E-F996C17693DF}.DebugGame Editor|Win64.ActiveCfg = BuiltWithUnrealBuildTool|Win32
		{CB6748F5-2897-49D2-856E-F996C17693DF}.DebugGame Editor|Win64.Build.0 = BuiltWithUnrealBuildTool|Win32
		{CB6748F5-2897-49D2-856E-F996C17693DF}.DebugGame|HTML5.ActiveCfg = BuiltWithUnrealBuildTool|Win32
		{CB6748F5-2897-49D2-856E-F996C17693DF}.DebugGame|HTML5.Build.0 = BuiltWithUnrealBuildTool|Win32
		{CB6748F5-2897-49D2-856E-F996C17693DF}.DebugGame|Win32.ActiveCfg = BuiltWithUnrealBuildTool|Win32
		{CB6748F5-2897-49D2-856E-F996C17693DF}.DebugGame|Win32.Build.0 = BuiltWithUnrealBuildTool|Win32
		{CB6748F5-2897-49D2-856E-F996C17693DF}.DebugGame|Win64.ActiveCfg = BuiltWithUnrealBuildTool|Win32
		{CB6748F5-2897-49D2-856E-F996C17693DF}.DebugGame|Win64.Build.0 = BuiltWithUnrealBuildTool|Win32
		{CB6748F5-2897-49D2-856E-F996C17693DF}.Development Editor|HTML5.ActiveCfg = BuiltWithUnrealBuildTool|Win32
		{CB6748F5-2897-49D2-856E-F996C17693DF}.Development Editor|HTML5.Build.0 = BuiltWithUnrealBuildTool|Win32
		{CB6748F5-2897-49D2-856E-F996C17693DF}.Development Editor|Win32.ActiveCfg = BuiltWithUnrealBuildTool|Win32
		{CB6748F5-2897-49D2-856E-F996C17693DF}.Development Editor|Win32.Build.0 = BuiltWithUnrealBuildTool|Win32
		{CB6748F5-2897-49D2-856E-F996C17693DF}.Development Editor|Win64.ActiveCfg = BuiltWithUnrealBuildTool|Win32
		{CB6748F5-2897-49D2-856E-F996C17693DF}.Development Editor|Win64.Build.0 = BuiltWithUnrealBuildTool|Win32
		{CB6748F5-2897-49D2-856E-F996C17693DF}.Development|HTML5.ActiveCfg = BuiltWithUnrealBuildTool|Win32
		{CB6748F5-2897-49D2-856E-F996C17693DF}.Development|HTML5.Build.0 = BuiltWithUnrealBuildTool|Win32
		{CB6748F5-2897-49D2-856E-F996C17693DF}.Development|Win32.ActiveCfg = BuiltWithUnrealBuildTool|Win32
		{CB6748F5-2897-49D2-856E-F996C17693DF}.Development|Win32.Build.0 = BuiltWithUnrealBuildTool|Win32
		{CB6748F5-2897-49D2-856E-F996C17693DF}.Development|Win64.ActiveCfg = BuiltWithUnrealBuildTool|Win32
		{CB6748F5-2897-49D2-856E-F996C17693DF}.Development|Win64.Build.0 = BuiltWithUnrealBuildTool|Win32
		{CB6748F5-2897-49D2-856E-F996C17693DF}.Shipping|HTML5.ActiveCfg = BuiltWithUnrealBuildTool|Win32
		{CB6748F5-2897-49D2-856E-F996C17693DF}.Shipping|HTML5.Build.0 = BuiltWithUnrealBuildTool|Win32
		{CB6748F5-2897-49D2-856E-F996C17693DF}.Shipping|Win32.ActiveCfg = BuiltWithUnrealBuildTool|Win32
		{CB6748F5-2897-49D2-856E-F996C17693DF}.Shipping|Win32.Build.0 = BuiltWithUnrealBuildTool|Win32
		{CB6748F5-2897-49D2-856E-F996C17693DF}.Shipping|Win64.ActiveCfg = BuiltWithUnrealBuildTool|Win32
		{CB6748F5-2897-49D2-856E-F996C17693DF}.Shipping|Win64.Build.0 = BuiltWithUnrealBuildTool|Win32
		{139B5B2B-E084-4CA6-AC9A-2A7BC9FDE858}.DebugGame Editor|HTML5.ActiveCfg = HTML5_DebugGame_Editor|Win32
		{139B5B2B-E084-4CA6-AC9A-2A7BC9FDE858}.DebugGame Editor|Win32.ActiveCfg = DebugGame_Editor|Win32
		{139B5B2B-E084-4CA6-AC9A-2A7BC9FDE858}.DebugGame Editor|Win64.ActiveCfg = DebugGame_Editor|x64
		{139B5B2B-E084-4CA6-AC9A-2A7BC9FDE858}.DebugGame Editor|Win64.Build.0 = DebugGame_Editor|x64
		{139B5B2B-E084-4CA6-AC9A-2A7BC9FDE858}.DebugGame|HTML5.ActiveCfg = HTML5_DebugGame_Game|Win32
		{139B5B2B-E084-4CA6-AC9A-2A7BC9FDE858}.DebugGame|HTML5.Build.0 = HTML5_DebugGame_Game|Win32
		{139B5B2B-E084-4CA6-AC9A-2A7BC9FDE858}.DebugGame|Win32.ActiveCfg = DebugGame_Game|Win32
		{139B5B2B-E084-4CA6-AC9A-2A7BC9FDE858}.DebugGame|Win32.Build.0 = DebugGame_Game|Win32
		{139B5B2B-E084-4CA6-AC9A-2A7BC9FDE858}.DebugGame|Win64.ActiveCfg = DebugGame_Game|x64
		{139B5B2B-E084-4CA6-AC9A-2A7BC9FDE858}.DebugGame|Win64.Build.0 = DebugGame_Game|x64
		{139B5B2B-E084-4CA6-AC9A-2A7BC9FDE858}.Development Editor|HTML5.ActiveCfg = HTML5_Development_Editor|Win32
		{139B5B2B-E084-4CA6-AC9A-2A7BC9FDE858}.Development Editor|Win32.ActiveCfg = Development_Editor|Win32
		{139B5B2B-E084-4CA6-AC9A-2A7BC9FDE858}.Development Editor|Win64.ActiveCfg = Development_Editor|x64
		{139B5B2B-E084-4CA6-AC9A-2A7BC9FDE858}.Development Editor|Win64.Build.0 = Development_Editor|x64
		{139B5B2B-E084-4CA6-AC9A-2A7BC9FDE858}.Development|HTML5.ActiveCfg = HTML5_Development_Game|Win32
		{139B5B2B-E084-4CA6-AC9A-2A7BC9FDE858}.Development|HTML5.Build.0 = HTML5_Development_Game|Win32
		{139B5B2B-E084-4CA6-AC9A-2A7BC9FDE858}.Development|Win32.ActiveCfg = Development_Game|Win32
		{139B5B2B-E084-4CA6-AC9A-2A7BC9FDE858}.Development|Win32.Build.0 = Development_Game|Win32
		{139B5B2B-E084-4CA6-AC9A-2A7BC9FDE858}.Development|Win64.ActiveCfg = Development_Game|x64
		{139B5B2B-E084-4CA6-AC9A-2A7BC9FDE858}.Development|Win64.Build.0 = Development_Game|x64
		{139B5B2B-E084-4CA6-AC9A-2A7BC9FDE858}.Shipping|HTML5.ActiveCfg = HTML5_Shipping_Game|Win32
		{139B5B2B-E084-4CA6-AC9A-2A7BC9FDE858}.Shipping|HTML5.Build.0 = HTML5_Shipping_Game|Win32
		{139B5B2B-E084-4CA6-AC9A-2A7BC9FDE858}.Shipping|Win32.ActiveCfg = Shipping_Game|Win32
		{139B5B2B-E084-4CA6-AC9A-2A7BC9FDE858}.Shipping|Win32.Build.0 = Shipping_Game|Win32
		{139B5B2B-E084-4CA6-AC9A-2A7BC9FDE858}.Shipping|Win64.ActiveCfg = Shipping_Game|x64
		{139B5B2B-E084-4CA6-AC9A-2A7BC9FDE858}.Shipping|Win64.Build.0 = Shipping_Game|x64
	EndGlobalSection
	GlobalSection(SolutionProperties) = preSolution
		HideSolutionNode = FALSE
	EndGlobalSection
	GlobalSection(NestedProjects) = preSolution
		{CB6748F5-2897-49D2-856E-F996C17693DF} = {81B778D3-8F7D-471B-B294-E20DF1621D47}
		{139B5B2B-E084-4CA6-AC9A-2A7BC9FDE858} = {D69BC413-B5BA-4027-B00C-F957B357338C}
	EndGlobalSection
EndGlobal
